
Microsoft Visual Studio Solution File, Format Version 12.00
# Visual Studio Version 17
VisualStudioVersion = 17.11.35327.3
MinimumVisualStudioVersion = 10.0.40219.1
Project("{9A19103F-16F7-4668-BE54-9A1E7A4F7556}") = "TravelEase.Domain", "TravelEase.Domain\TravelEase.Domain.csproj", "{776563B6-2ECA-4AA6-8ED8-2D3C2B779360}"
EndProject
Project("{9A19103F-16F7-4668-BE54-9A1E7A4F7556}") = "TravelEase.Application", "TravelEase.Application\TravelEase.Application.csproj", "{B37A3CB4-ADDF-43AC-8B91-B86770A9C79D}"
EndProject
Project("{9A19103F-16F7-4668-BE54-9A1E7A4F7556}") = "TravelEase.Infrastructure", "TravelEase.Infrastructure\TravelEase.Infrastructure.csproj", "{C083716F-3813-416D-B371-FB20AE5D7A41}"
EndProject
Project("{9A19103F-16F7-4668-BE54-9A1E7A4F7556}") = "TravelEase.API", "TravelEase.API\TravelEase.API.csproj", "{8C0A2715-265A-4123-B379-A8BE52BCC84E}"
EndProject
Global
	GlobalSection(SolutionConfigurationPlatforms) = preSolution
		Debug|Any CPU = Debug|Any CPU
		Release|Any CPU = Release|Any CPU
	EndGlobalSection
	GlobalSection(ProjectConfigurationPlatforms) = postSolution
		{776563B6-2ECA-4AA6-8ED8-2D3C2B779360}.Debug|Any CPU.ActiveCfg = Debug|Any CPU
		{776563B6-2ECA-4AA6-8ED8-2D3C2B779360}.Debug|Any CPU.Build.0 = Debug|Any CPU
		{776563B6-2ECA-4AA6-8ED8-2D3C2B779360}.Release|Any CPU.ActiveCfg = Release|Any CPU
		{776563B6-2ECA-4AA6-8ED8-2D3C2B779360}.Release|Any CPU.Build.0 = Release|Any CPU
		{B37A3CB4-ADDF-43AC-8B91-B86770A9C79D}.Debug|Any CPU.ActiveCfg = Debug|Any CPU
		{B37A3CB4-ADDF-43AC-8B91-B86770A9C79D}.Debug|Any CPU.Build.0 = Debug|Any CPU
		{B37A3CB4-ADDF-43AC-8B91-B86770A9C79D}.Release|Any CPU.ActiveCfg = Release|Any CPU
		{B37A3CB4-ADDF-43AC-8B91-B86770A9C79D}.Release|Any CPU.Build.0 = Release|Any CPU
		{C083716F-3813-416D-B371-FB20AE5D7A41}.Debug|Any CPU.ActiveCfg = Debug|Any CPU
		{C083716F-3813-416D-B371-FB20AE5D7A41}.Debug|Any CPU.Build.0 = Debug|Any CPU
		{C083716F-3813-416D-B371-FB20AE5D7A41}.Release|Any CPU.ActiveCfg = Release|Any CPU
		{C083716F-3813-416D-B371-FB20AE5D7A41}.Release|Any CPU.Build.0 = Release|Any CPU
		{8C0A2715-265A-4123-B379-A8BE52BCC84E}.Debug|Any CPU.ActiveCfg = Debug|Any CPU
		{8C0A2715-265A-4123-B379-A8BE52BCC84E}.Debug|Any CPU.Build.0 = Debug|Any CPU
		{8C0A2715-265A-4123-B379-A8BE52BCC84E}.Release|Any CPU.ActiveCfg = Release|Any CPU
		{8C0A2715-265A-4123-B379-A8BE52BCC84E}.Release|Any CPU.Build.0 = Release|Any CPU
	EndGlobalSection
	GlobalSection(SolutionProperties) = preSolution
		HideSolutionNode = FALSE
	EndGlobalSection
	GlobalSection(ExtensibilityGlobals) = postSolution
		SolutionGuid = {72247AB0-8CA8-4ABB-B975-76852315269C}
	EndGlobalSection
EndGlobal
